<?xml version="1.0" encoding="utf-8"?>
<Project ToolsVersion="4.0" xmlns="http://schemas.microsoft.com/developer/msbuild/2003">
  <ItemGroup>
    <ClInclude Include="JobManager.h">
      <Filter>Header Files</Filter>
    </ClInclude>
    <ClInclude Include="Job.h">
      <Filter>Header Files</Filter>
    </ClInclude>
    <ClInclude Include="Segment.h">
      <Filter>Header Files</Filter>
    </ClInclude>
    <ClInclude Include="SegmentManager.h">
      <Filter>Header Files</Filter>
    </ClInclude>
    <ClInclude Include="Sorter.h">
      <Filter>Header Files</Filter>
    </ClInclude>
    <ClInclude Include="Worker.h">
      <Filter>Header Files</Filter>
    </ClInclude>
    <ClInclude Include="Obj.h">
      <Filter>Header Files</Filter>
    </ClInclude>
    <ClInclude Include="Hello.h">
      <Filter>Hello</Filter>
    </ClInclude>
  </ItemGroup>
  <ItemGroup>
    <CudaCompile Include="Sorter.cu">
      <Filter>Source Files</Filter>
    </CudaCompile>
    <CudaCompile Include="CuXmatch.cu" />
    <CudaCompile Include="Hello.cu">
      <Filter>Hello</Filter>
    </CudaCompile>
    <CudaCompile Include="Worker.cu">
      <Filter>Source Files</Filter>
    </CudaCompile>
  </ItemGroup>
  <ItemGroup>
    <Filter Include="Header Files">
      <UniqueIdentifier>{03e4d3ce-abcd-422e-b574-c9ece0c9a211}</UniqueIdentifier>
    </Filter>
    <Filter Include="Source Files">
      <UniqueIdentifier>{c41b0ee7-24d2-4e95-8f81-7df05d2a632a}</UniqueIdentifier>
    </Filter>
    <Filter Include="Hello">
      <UniqueIdentifier>{20546b78-7ac4-499c-9f53-724d702675f4}</UniqueIdentifier>
    </Filter>
  </ItemGroup>
  <ItemGroup>
    <ClCompile Include="BoostXmatch.cpp" />
    <ClCompile Include="Hello.cpp">
      <Filter>Hello</Filter>
    </ClCompile>
    <ClCompile Include="Job.cpp">
      <Filter>Source Files</Filter>
    </ClCompile>
    <ClCompile Include="Obj.cpp">
      <Filter>Source Files</Filter>
    </ClCompile>
    <ClCompile Include="Segment.cpp">
      <Filter>Source Files</Filter>
    </ClCompile>
    <ClCompile Include="SegmentManager.cpp">
      <Filter>Source Files</Filter>
    </ClCompile>
    <ClCompile Include="JobManager.cpp">
      <Filter>Source Files</Filter>
    </ClCompile>
  </ItemGroup>
</Project>